{
  "originHash" : "da98b3b9e19f2a4c9c5a7202355202e33107f19fdb02bebd57c95bf4b4cb332b",
  "pins" : [
    {
      "identity" : "needletail-logger",
      "kind" : "remoteSourceControl",
      "location" : "https://github.com/needletails/needletail-logger.git",
      "state" : {
        "revision" : "01b258c3eb87edb0057f34d849d4486d9b1dc09b",
        "version" : "3.1.4"
      }
    },
    {
      "identity" : "swift-android-native",
      "kind" : "remoteSourceControl",
      "location" : "https://github.com/skiptools/swift-android-native.git",
      "state" : {
        "revision" : "7e6e833e6f163a2b75340f75c70b1d96ea6b8135",
        "version" : "1.5.1"
      }
    },
    {
      "identity" : "swift-asn1",
      "kind" : "remoteSourceControl",
      "location" : "https://github.com/apple/swift-asn1.git",
      "state" : {
        "revision" : "eb50cbd14606a9161cbc5d452f18797c90ef0bab",
        "version" : "1.7.0"
      }
    },
    {
      "identity" : "swift-crypto",
      "kind" : "remoteSourceControl",
      "location" : "https://github.com/apple/swift-crypto.git",
      "state" : {
        "revision" : "95ba0316a9b733e92bb6b071255ff46263bbe7dc",
        "version" : "3.15.1"
      }
    },
    {
      "identity" : "swift-jni",
      "kind" : "remoteSourceControl",
      "location" : "https://source.skip.tools/swift-jni.git",
      "state" : {
        "revision" : "fe76ac21aca639976833b5ea3e875dc072519ac4",
        "version" : "0.5.0"
      }
    },
    {
      "identity" : "swift-log",
      "kind" : "remoteSourceControl",
      "location" : "https://github.com/apple/swift-log.git",
      "state" : {
        "revision" : "7dc6101ae4dbe95cd3bc9cebad3b7cf8e49a7a63",
        "version" : "1.13.0"
      }
    }
  ],
  "version" : 3
}
